
Microsoft Visual Studio Solution File, Format Version 12.00
# Visual Studio 2012
Project("{FAE04EC0-301F-11D3-BF4B-00C04F79EFBC}") = "Bisection", "Bisection\Bisection.csproj", "{F2E7A1D4-9F5A-44AD-88FD-29AC39A342EF}"
EndProject
Global
	GlobalSection(SolutionConfigurationPlatforms) = preSolution
		Debug|x86 = Debug|x86
		Release|x86 = Release|x86
	EndGlobalSection
	GlobalSection(ProjectConfigurationPlatforms) = postSolution
		{F2E7A1D4-9F5A-44AD-88FD-29AC39A342EF}.Debug|x86.ActiveCfg = Debug|x86
		{F2E7A1D4-9F5A-44AD-88FD-29AC39A342EF}.Debug|x86.Build.0 = Debug|x86
		{F2E7A1D4-9F5A-44AD-88FD-29AC39A342EF}.Release|x86.ActiveCfg = Release|x86
		{F2E7A1D4-9F5A-44AD-88FD-29AC39A342EF}.Release|x86.Build.0 = Release|x86
	EndGlobalSection
EndGlobal
