
Microsoft Visual Studio Solution File, Format Version 12.00
# Visual Studio 2012
Project("{FAE04EC0-301F-11D3-BF4B-00C04F79EFBC}") = "NewtonRaphson", "NewtonRaphson\NewtonRaphson.csproj", "{417B9CE2-2192-4811-A9A6-747BE48CA920}"
EndProject
Global
	GlobalSection(SolutionConfigurationPlatforms) = preSolution
		Debug|x86 = Debug|x86
		Release|x86 = Release|x86
	EndGlobalSection
	GlobalSection(ProjectConfigurationPlatforms) = postSolution
		{417B9CE2-2192-4811-A9A6-747BE48CA920}.Debug|x86.ActiveCfg = Debug|x86
		{417B9CE2-2192-4811-A9A6-747BE48CA920}.Debug|x86.Build.0 = Debug|x86
		{417B9CE2-2192-4811-A9A6-747BE48CA920}.Release|x86.ActiveCfg = Release|x86
		{417B9CE2-2192-4811-A9A6-747BE48CA920}.Release|x86.Build.0 = Release|x86
	EndGlobalSection
EndGlobal
